// !$*UTF8*$!
{
	archiveVersion = 1;
	classes = {
	};
	objectVersion = 52;
	objects = {

/* Begin PBXBuildFile section */
		BD0E6F6727AEB42100B8CF3E /* Knob-iOS in Frameworks */ = {isa = PBXBuildFile; productRef = BD0E6F6627AEB42100B8CF3E /* Knob-iOS */; };
		BD0E6F6B27AEC2B000B8CF3E /* ParameterAddress in Frameworks */ = {isa = PBXBuildFile; productRef = BD0E6F6A27AEC2B000B8CF3E /* ParameterAddress */; };
		BD0E6F6D27AECCDF00B8CF3E /* KernelBridge in Frameworks */ = {isa = PBXBuildFile; productRef = BD0E6F6C27AECCDF00B8CF3E /* KernelBridge */; };
		BD0E6F6F27AECD4500B8CF3E /* KernelBridge in Frameworks */ = {isa = PBXBuildFile; productRef = BD0E6F6E27AECD4500B8CF3E /* KernelBridge */; };
		BD0E6F7127AECD4500B8CF3E /* ParameterAddress in Frameworks */ = {isa = PBXBuildFile; productRef = BD0E6F7027AECD4500B8CF3E /* ParameterAddress */; };
		BD0E6F7527AECD5500B8CF3E /* Knob-macOS in Frameworks */ = {isa = PBXBuildFile; productRef = BD0E6F7427AECD5500B8CF3E /* Knob-macOS */; };
		BD1D257925D5AAB000523748 /* Snapshots.swift in Sources */ = {isa = PBXBuildFile; fileRef = BD1D257825D5AAB000523748 /* Snapshots.swift */; };
		BD1D258825D5AAE300523748 /* SnapshotHelper.swift in Sources */ = {isa = PBXBuildFile; fileRef = BD1D258725D5AAE300523748 /* SnapshotHelper.swift */; };
		BD34880527A1791F00CAD24A /* Assets.xcassets in Resources */ = {isa = PBXBuildFile; fileRef = BD34880427A1791F00CAD24A /* Assets.xcassets */; };
		BD38A30227A5C80900405CBC /* Kernel in Frameworks */ = {isa = PBXBuildFile; productRef = BD38A30127A5C80900405CBC /* Kernel */; };
		BD38A30627A5C80900405CBC /* Parameters in Frameworks */ = {isa = PBXBuildFile; productRef = BD38A30527A5C80900405CBC /* Parameters */; };
		BD38A31727A5D16200405CBC /* MainInterface.storyboard in Resources */ = {isa = PBXBuildFile; fileRef = BD38A31627A5D16200405CBC /* MainInterface.storyboard */; };
		BD4F06B727A60E160019CB0D /* ViewController.xib in Resources */ = {isa = PBXBuildFile; fileRef = BD7AA22D27A5FB5A003CAE1D /* ViewController.xib */; };
		BD4F06B827A60E1B0019CB0D /* ViewController.swift in Sources */ = {isa = PBXBuildFile; fileRef = BD7AA22727A5EC71003CAE1D /* ViewController.swift */; };
		BD6E935427A06B1700230C02 /* AppDelegate.swift in Sources */ = {isa = PBXBuildFile; fileRef = BD6E935327A06B1700230C02 /* AppDelegate.swift */; };
		BD6E935827A06C3800230C02 /* MainViewController.swift in Sources */ = {isa = PBXBuildFile; fileRef = BD6E935527A06C3800230C02 /* MainViewController.swift */; };
		BD6E935A27A06C3800230C02 /* MainWindowController.swift in Sources */ = {isa = PBXBuildFile; fileRef = BD6E935727A06C3800230C02 /* MainWindowController.swift */; };
		BD75B6BA25DAA6680071F55E /* Credits.rtf in Resources */ = {isa = PBXBuildFile; fileRef = BD75B6B925DAA6680071F55E /* Credits.rtf */; };
		BD96F30427A57C160001C2B9 /* Kernel in Frameworks */ = {isa = PBXBuildFile; productRef = BD96F30327A57C160001C2B9 /* Kernel */; };
		BD96F30827A57C160001C2B9 /* Parameters in Frameworks */ = {isa = PBXBuildFile; productRef = BD96F30727A57C160001C2B9 /* Parameters */; };
		BD9FA81B24A9505300FA9940 /* Default-568h@2x.png in Resources */ = {isa = PBXBuildFile; fileRef = BD9FA81A24A9505300FA9940 /* Default-568h@2x.png */; };
		BDB7CE93249EC556009580D5 /* Accelerate.framework in Frameworks */ = {isa = PBXBuildFile; fileRef = BDB7CE92249EC556009580D5 /* Accelerate.framework */; };
		BDB7CE94249EC565009580D5 /* Accelerate.framework in Frameworks */ = {isa = PBXBuildFile; fileRef = BDB7CE92249EC556009580D5 /* Accelerate.framework */; };
		BDB7CE9E249FC152009580D5 /* Accelerate.framework in Frameworks */ = {isa = PBXBuildFile; fileRef = BDB7CE9D249FC152009580D5 /* Accelerate.framework */; };
		BDB7CE9F249FC157009580D5 /* Accelerate.framework in Frameworks */ = {isa = PBXBuildFile; fileRef = BDB7CE9D249FC152009580D5 /* Accelerate.framework */; };
		BDE5380D27B2B28B008ACA93 /* Media.xcassets in Resources */ = {isa = PBXBuildFile; fileRef = BDE5380B27B2B28B008ACA93 /* Media.xcassets */; };
		BDE5380E27B2B28B008ACA93 /* Media.xcassets in Resources */ = {isa = PBXBuildFile; fileRef = BDE5380B27B2B28B008ACA93 /* Media.xcassets */; };
		BDE5380F27B2B28B008ACA93 /* Media.xcassets in Resources */ = {isa = PBXBuildFile; fileRef = BDE5380B27B2B28B008ACA93 /* Media.xcassets */; };
		BDE5381027B2B28B008ACA93 /* Media.xcassets in Resources */ = {isa = PBXBuildFile; fileRef = BDE5380B27B2B28B008ACA93 /* Media.xcassets */; };
		BDE5381127B2B28B008ACA93 /* Desdemona.ttf in Resources */ = {isa = PBXBuildFile; fileRef = BDE5380C27B2B28B008ACA93 /* Desdemona.ttf */; };
		BDE5381227B2B28B008ACA93 /* Desdemona.ttf in Resources */ = {isa = PBXBuildFile; fileRef = BDE5380C27B2B28B008ACA93 /* Desdemona.ttf */; };
		BDE5381327B2B28B008ACA93 /* Desdemona.ttf in Resources */ = {isa = PBXBuildFile; fileRef = BDE5380C27B2B28B008ACA93 /* Desdemona.ttf */; };
		BDE5381427B2B28B008ACA93 /* Desdemona.ttf in Resources */ = {isa = PBXBuildFile; fileRef = BDE5380C27B2B28B008ACA93 /* Desdemona.ttf */; };
		BDF38C3F29589E1600D1AEDE /* AUv3-Support-macOS in Frameworks */ = {isa = PBXBuildFile; productRef = BDF38C3E29589E1600D1AEDE /* AUv3-Support-macOS */; };
		C433F56122404C7C00F1B750 /* ViewController.swift in Sources */ = {isa = PBXBuildFile; fileRef = C433F56022404C7C00F1B750 /* ViewController.swift */; };
		C437FE712223686D008D6C09 /* SimplyFlangeAU.appex in Embed Foundation Extensions */ = {isa = PBXBuildFile; fileRef = C437FE632223686D008D6C09 /* SimplyFlangeAU.appex */; settings = {ATTRIBUTES = (RemoveHeadersOnCopy, ); }; };
		C4660A602225F9A0007BE3B1 /* SimplyFlangeAU.appex in Embed Foundation Extensions */ = {isa = PBXBuildFile; fileRef = C437FEA0222368B7008D6C09 /* SimplyFlangeAU.appex */; settings = {ATTRIBUTES = (RemoveHeadersOnCopy, ); }; };
		C4737B0B2231D930002CAD0B /* AudioToolbox.framework in Frameworks */ = {isa = PBXBuildFile; fileRef = C4737B0A2231D930002CAD0B /* AudioToolbox.framework */; };
		C4BEE7B122236A29001E6B6D /* Assets.xcassets in Resources */ = {isa = PBXBuildFile; fileRef = C4BEE7A422236A29001E6B6D /* Assets.xcassets */; };
		C4BEE7B322236A29001E6B6D /* Main.storyboard in Resources */ = {isa = PBXBuildFile; fileRef = C4BEE7A722236A29001E6B6D /* Main.storyboard */; };
		C4BEE7B422236A29001E6B6D /* AppDelegate.swift in Sources */ = {isa = PBXBuildFile; fileRef = C4BEE7A922236A29001E6B6D /* AppDelegate.swift */; };
		C4BEE7D222236A58001E6B6D /* Main.storyboard in Resources */ = {isa = PBXBuildFile; fileRef = C4BEE7C722236A58001E6B6D /* Main.storyboard */; };
		C4BEE81022237302001E6B6D /* MainViewController.swift in Sources */ = {isa = PBXBuildFile; fileRef = C4BEE80F22237302001E6B6D /* MainViewController.swift */; };
/* End PBXBuildFile section */

/* Begin PBXContainerItemProxy section */
		BD1D257B25D5AAB000523748 /* PBXContainerItemProxy */ = {
			isa = PBXContainerItemProxy;
			containerPortal = C437FE302223672C008D6C09 /* Project object */;
			proxyType = 1;
			remoteGlobalIDString = C437FE39222367A6008D6C09;
			remoteInfo = "iOS App";
		};
		C437FE6F2223686D008D6C09 /* PBXContainerItemProxy */ = {
			isa = PBXContainerItemProxy;
			containerPortal = C437FE302223672C008D6C09 /* Project object */;
			proxyType = 1;
			remoteGlobalIDString = C437FE622223686D008D6C09;
			remoteInfo = "AUv3FilterExtension iOS";
		};
		C4660A612225F9A0007BE3B1 /* PBXContainerItemProxy */ = {
			isa = PBXContainerItemProxy;
			containerPortal = C437FE302223672C008D6C09 /* Project object */;
			proxyType = 1;
			remoteGlobalIDString = C437FE9F222368B7008D6C09;
			remoteInfo = "AUv3FilterExtension macOS";
		};
/* End PBXContainerItemProxy section */

/* Begin PBXCopyFilesBuildPhase section */
		BD96F31027A57C160001C2B9 /* Embed Frameworks */ = {
			isa = PBXCopyFilesBuildPhase;
			buildActionMask = 2147483647;
			dstPath = "";
			dstSubfolderSpec = 10;
			files = (
			);
			name = "Embed Frameworks";
			runOnlyForDeploymentPostprocessing = 0;
		};
		C437FE5E222367CD008D6C09 /* Embed Frameworks */ = {
			isa = PBXCopyFilesBuildPhase;
			buildActionMask = 2147483647;
			dstPath = "";
			dstSubfolderSpec = 10;
			files = (
			);
			name = "Embed Frameworks";
			runOnlyForDeploymentPostprocessing = 0;
		};
		C437FE752223686D008D6C09 /* Embed Foundation Extensions */ = {
			isa = PBXCopyFilesBuildPhase;
			buildActionMask = 2147483647;
			dstPath = "";
			dstSubfolderSpec = 13;
			files = (
				C437FE712223686D008D6C09 /* SimplyFlangeAU.appex in Embed Foundation Extensions */,
			);
			name = "Embed Foundation Extensions";
			runOnlyForDeploymentPostprocessing = 0;
		};
		C4660A642225F9A0007BE3B1 /* Embed Foundation Extensions */ = {
			isa = PBXCopyFilesBuildPhase;
			buildActionMask = 2147483647;
			dstPath = "";
			dstSubfolderSpec = 13;
			files = (
				C4660A602225F9A0007BE3B1 /* SimplyFlangeAU.appex in Embed Foundation Extensions */,
			);
			name = "Embed Foundation Extensions";
			runOnlyForDeploymentPostprocessing = 0;
		};
/* End PBXCopyFilesBuildPhase section */

/* Begin PBXFileReference section */
		BD0D190B27A814E000C974C6 /* README.md */ = {isa = PBXFileReference; lastKnownFileType = net.daringfireball.markdown; path = README.md; sourceTree = "<group>"; };
		BD0D191127A81A3C00C974C6 /* SimplyFlange.entitlements */ = {isa = PBXFileReference; fileEncoding = 4; lastKnownFileType = text.plist.entitlements; path = SimplyFlange.entitlements; sourceTree = "<group>"; };
		BD1D249425D4831B00523748 /* BundlePropertiesTests.swift */ = {isa = PBXFileReference; fileEncoding = 4; lastKnownFileType = sourcecode.swift; path = BundlePropertiesTests.swift; sourceTree = "<group>"; };
		BD1D24AD25D486A800523748 /* Info.plist */ = {isa = PBXFileReference; lastKnownFileType = text.plist.xml; path = Info.plist; sourceTree = "<group>"; };
		BD1D250525D515B100523748 /* README.md */ = {isa = PBXFileReference; lastKnownFileType = net.daringfireball.markdown; name = README.md; path = Configuration/README.md; sourceTree = "<group>"; };
		BD1D250625D5178900523748 /* README.md */ = {isa = PBXFileReference; fileEncoding = 4; lastKnownFileType = net.daringfireball.markdown; path = README.md; sourceTree = "<group>"; };
		BD1D250E25D517D000523748 /* README.md */ = {isa = PBXFileReference; fileEncoding = 4; lastKnownFileType = net.daringfireball.markdown; path = README.md; sourceTree = "<group>"; };
		BD1D257625D5AAB000523748 /* Snapshots.xctest */ = {isa = PBXFileReference; explicitFileType = wrapper.cfbundle; includeInIndex = 0; path = Snapshots.xctest; sourceTree = BUILT_PRODUCTS_DIR; };
		BD1D257825D5AAB000523748 /* Snapshots.swift */ = {isa = PBXFileReference; lastKnownFileType = sourcecode.swift; path = Snapshots.swift; sourceTree = "<group>"; };
		BD1D257A25D5AAB000523748 /* Info.plist */ = {isa = PBXFileReference; lastKnownFileType = text.plist.xml; path = Info.plist; sourceTree = "<group>"; };
		BD1D258725D5AAE300523748 /* SnapshotHelper.swift */ = {isa = PBXFileReference; fileEncoding = 4; lastKnownFileType = sourcecode.swift; name = SnapshotHelper.swift; path = fastlane/SnapshotHelper.swift; sourceTree = SOURCE_ROOT; };
		BD34880427A1791F00CAD24A /* Assets.xcassets */ = {isa = PBXFileReference; lastKnownFileType = folder.assetcatalog; name = Assets.xcassets; path = macOS/Assets.xcassets; sourceTree = SOURCE_ROOT; };
		BD38A31627A5D16200405CBC /* MainInterface.storyboard */ = {isa = PBXFileReference; fileEncoding = 4; lastKnownFileType = file.storyboard; path = MainInterface.storyboard; sourceTree = "<group>"; };
		BD6E935327A06B1700230C02 /* AppDelegate.swift */ = {isa = PBXFileReference; fileEncoding = 4; lastKnownFileType = sourcecode.swift; path = AppDelegate.swift; sourceTree = "<group>"; };
		BD6E935527A06C3800230C02 /* MainViewController.swift */ = {isa = PBXFileReference; fileEncoding = 4; lastKnownFileType = sourcecode.swift; path = MainViewController.swift; sourceTree = "<group>"; };
		BD6E935727A06C3800230C02 /* MainWindowController.swift */ = {isa = PBXFileReference; fileEncoding = 4; lastKnownFileType = sourcecode.swift; path = MainWindowController.swift; sourceTree = "<group>"; };
		BD75B6B925DAA6680071F55E /* Credits.rtf */ = {isa = PBXFileReference; fileEncoding = 4; lastKnownFileType = text.rtf; path = Credits.rtf; sourceTree = "<group>"; };
		BD7AA22727A5EC71003CAE1D /* ViewController.swift */ = {isa = PBXFileReference; fileEncoding = 4; lastKnownFileType = sourcecode.swift; path = ViewController.swift; sourceTree = "<group>"; };
		BD7AA22D27A5FB5A003CAE1D /* ViewController.xib */ = {isa = PBXFileReference; fileEncoding = 4; lastKnownFileType = file.xib; path = ViewController.xib; sourceTree = "<group>"; };
		BD95147924A08BB600D8024C /* Info.plist */ = {isa = PBXFileReference; lastKnownFileType = text.plist.xml; path = Info.plist; sourceTree = "<group>"; };
		BD96F2EA27A53E260001C2B9 /* Packages */ = {isa = PBXFileReference; lastKnownFileType = wrapper; path = Packages; sourceTree = "<group>"; };
		BD9FA81A24A9505300FA9940 /* Default-568h@2x.png */ = {isa = PBXFileReference; lastKnownFileType = image.png; path = "Default-568h@2x.png"; sourceTree = "<group>"; };
		BDB7CE92249EC556009580D5 /* Accelerate.framework */ = {isa = PBXFileReference; lastKnownFileType = wrapper.framework; name = Accelerate.framework; path = System/Library/Frameworks/Accelerate.framework; sourceTree = SDKROOT; };
		BDB7CE9D249FC152009580D5 /* Accelerate.framework */ = {isa = PBXFileReference; lastKnownFileType = wrapper.framework; name = Accelerate.framework; path = Platforms/iPhoneOS.platform/Developer/SDKs/iPhoneOS13.5.sdk/System/Library/Frameworks/Accelerate.framework; sourceTree = DEVELOPER_DIR; };
		BDE2CE1724A3E887004AC8FA /* Dev.xcconfig */ = {isa = PBXFileReference; lastKnownFileType = text.xcconfig; name = Dev.xcconfig; path = Configuration/Dev.xcconfig; sourceTree = "<group>"; };
		BDE2CE1824A3E8DB004AC8FA /* Staging.xcconfig */ = {isa = PBXFileReference; lastKnownFileType = text.xcconfig; name = Staging.xcconfig; path = Configuration/Staging.xcconfig; sourceTree = "<group>"; };
		BDE2CE1924A3EBD1004AC8FA /* Common.xcconfig */ = {isa = PBXFileReference; fileEncoding = 4; lastKnownFileType = text.xcconfig; name = Common.xcconfig; path = Configuration/Common.xcconfig; sourceTree = "<group>"; };
		BDE5380B27B2B28B008ACA93 /* Media.xcassets */ = {isa = PBXFileReference; lastKnownFileType = folder.assetcatalog; path = Media.xcassets; sourceTree = "<group>"; };
		BDE5380C27B2B28B008ACA93 /* Desdemona.ttf */ = {isa = PBXFileReference; lastKnownFileType = file; path = Desdemona.ttf; sourceTree = "<group>"; };
		BDE5381527B2B3AC008ACA93 /* README.md */ = {isa = PBXFileReference; lastKnownFileType = net.daringfireball.markdown; path = README.md; sourceTree = "<group>"; };
		BDF38C3D29589DE400D1AEDE /* AUv3Support */ = {isa = PBXFileReference; lastKnownFileType = wrapper; name = AUv3Support; path = ../AUv3Support; sourceTree = "<group>"; };
		C433F56022404C7C00F1B750 /* ViewController.swift */ = {isa = PBXFileReference; fileEncoding = 4; lastKnownFileType = sourcecode.swift; path = ViewController.swift; sourceTree = "<group>"; };
		C437FE3A222367A6008D6C09 /* SimplyFlangeHost.app */ = {isa = PBXFileReference; explicitFileType = wrapper.application; includeInIndex = 0; path = SimplyFlangeHost.app; sourceTree = BUILT_PRODUCTS_DIR; };
		C437FE632223686D008D6C09 /* SimplyFlangeAU.appex */ = {isa = PBXFileReference; explicitFileType = "wrapper.app-extension"; includeInIndex = 0; path = SimplyFlangeAU.appex; sourceTree = BUILT_PRODUCTS_DIR; };
		C437FE7A2223688D008D6C09 /* SimplyFlange.app */ = {isa = PBXFileReference; explicitFileType = wrapper.application; includeInIndex = 0; path = SimplyFlange.app; sourceTree = BUILT_PRODUCTS_DIR; };
		C437FEA0222368B7008D6C09 /* SimplyFlangeAU.appex */ = {isa = PBXFileReference; explicitFileType = "wrapper.app-extension"; includeInIndex = 0; path = SimplyFlangeAU.appex; sourceTree = BUILT_PRODUCTS_DIR; };
		C44F544422260E2500484B67 /* AudioToolbox.framework */ = {isa = PBXFileReference; lastKnownFileType = wrapper.framework; name = AudioToolbox.framework; path = System/Library/Frameworks/AudioToolbox.framework; sourceTree = SDKROOT; };
		C44F544622260E2C00484B67 /* CoreAudioKit.framework */ = {isa = PBXFileReference; lastKnownFileType = wrapper.framework; name = CoreAudioKit.framework; path = System/Library/Frameworks/CoreAudioKit.framework; sourceTree = SDKROOT; };
		C4737B092231D918002CAD0B /* App.entitlements */ = {isa = PBXFileReference; lastKnownFileType = text.plist.entitlements; path = App.entitlements; sourceTree = "<group>"; };
		C4737B0A2231D930002CAD0B /* AudioToolbox.framework */ = {isa = PBXFileReference; lastKnownFileType = wrapper.framework; name = AudioToolbox.framework; path = Platforms/iPhoneOS.platform/Developer/SDKs/iPhoneOS12.1.sdk/System/Library/Frameworks/AudioToolbox.framework; sourceTree = DEVELOPER_DIR; };
		C4BEE79C22236A29001E6B6D /* Info.plist */ = {isa = PBXFileReference; fileEncoding = 4; lastKnownFileType = text.plist.xml; path = Info.plist; sourceTree = "<group>"; };
		C4BEE7A422236A29001E6B6D /* Assets.xcassets */ = {isa = PBXFileReference; lastKnownFileType = folder.assetcatalog; path = Assets.xcassets; sourceTree = "<group>"; };
		C4BEE7A822236A29001E6B6D /* Base */ = {isa = PBXFileReference; lastKnownFileType = file.storyboard; name = Base; path = Base.lproj/Main.storyboard; sourceTree = "<group>"; };
		C4BEE7A922236A29001E6B6D /* AppDelegate.swift */ = {isa = PBXFileReference; fileEncoding = 4; lastKnownFileType = sourcecode.swift; path = AppDelegate.swift; sourceTree = "<group>"; };
		C4BEE7AA22236A29001E6B6D /* Info.plist */ = {isa = PBXFileReference; fileEncoding = 4; lastKnownFileType = text.plist.xml; path = Info.plist; sourceTree = "<group>"; };
		C4BEE7BD22236A58001E6B6D /* Extension.entitlements */ = {isa = PBXFileReference; fileEncoding = 4; lastKnownFileType = text.plist.entitlements; path = Extension.entitlements; sourceTree = "<group>"; };
		C4BEE7BE22236A58001E6B6D /* Info.plist */ = {isa = PBXFileReference; fileEncoding = 4; lastKnownFileType = text.plist.xml; path = Info.plist; sourceTree = "<group>"; };
		C4BEE7C822236A58001E6B6D /* Base */ = {isa = PBXFileReference; lastKnownFileType = file.storyboard; name = Base; path = Base.lproj/Main.storyboard; sourceTree = "<group>"; };
		C4BEE7CA22236A58001E6B6D /* Info.plist */ = {isa = PBXFileReference; fileEncoding = 4; lastKnownFileType = text.plist.xml; path = Info.plist; sourceTree = "<group>"; };
		C4BEE80F22237302001E6B6D /* MainViewController.swift */ = {isa = PBXFileReference; fileEncoding = 4; lastKnownFileType = sourcecode.swift; path = MainViewController.swift; sourceTree = "<group>"; };
		C4BEE81B22237772001E6B6D /* MobileCoreServices.framework */ = {isa = PBXFileReference; lastKnownFileType = wrapper.framework; name = MobileCoreServices.framework; path = Platforms/iPhoneOS.platform/Developer/SDKs/iPhoneOS12.1.sdk/System/Library/Frameworks/MobileCoreServices.framework; sourceTree = DEVELOPER_DIR; };
		C4CE62D8222601070055FE6B /* AVFoundation.framework */ = {isa = PBXFileReference; lastKnownFileType = wrapper.framework; name = AVFoundation.framework; path = System/Library/Frameworks/AVFoundation.framework; sourceTree = SDKROOT; };
/* End PBXFileReference section */

/* Begin PBXFrameworksBuildPhase section */
		BD1D257325D5AAB000523748 /* Frameworks */ = {
			isa = PBXFrameworksBuildPhase;
			buildActionMask = 2147483647;
			files = (
			);
			runOnlyForDeploymentPostprocessing = 0;
		};
		C437FE37222367A6008D6C09 /* Frameworks */ = {
			isa = PBXFrameworksBuildPhase;
			buildActionMask = 2147483647;
			files = (
				BDB7CE9E249FC152009580D5 /* Accelerate.framework in Frameworks */,
				C4737B0B2231D930002CAD0B /* AudioToolbox.framework in Frameworks */,
			);
			runOnlyForDeploymentPostprocessing = 0;
		};
		C437FE602223686D008D6C09 /* Frameworks */ = {
			isa = PBXFrameworksBuildPhase;
			buildActionMask = 2147483647;
			files = (
				BDB7CE9F249FC157009580D5 /* Accelerate.framework in Frameworks */,
				BD0E6F6D27AECCDF00B8CF3E /* KernelBridge in Frameworks */,
				BD38A30227A5C80900405CBC /* Kernel in Frameworks */,
				BD38A30627A5C80900405CBC /* Parameters in Frameworks */,
				BD0E6F6727AEB42100B8CF3E /* Knob-iOS in Frameworks */,
				BD0E6F6B27AEC2B000B8CF3E /* ParameterAddress in Frameworks */,
			);
			runOnlyForDeploymentPostprocessing = 0;
		};
		C437FE772223688D008D6C09 /* Frameworks */ = {
			isa = PBXFrameworksBuildPhase;
			buildActionMask = 2147483647;
			files = (
				BDB7CE93249EC556009580D5 /* Accelerate.framework in Frameworks */,
				BDF38C3F29589E1600D1AEDE /* AUv3-Support-macOS in Frameworks */,
			);
			runOnlyForDeploymentPostprocessing = 0;
		};
		C437FE9D222368B7008D6C09 /* Frameworks */ = {
			isa = PBXFrameworksBuildPhase;
			buildActionMask = 2147483647;
			files = (
				BDB7CE94249EC565009580D5 /* Accelerate.framework in Frameworks */,
				BD0E6F7527AECD5500B8CF3E /* Knob-macOS in Frameworks */,
				BD96F30427A57C160001C2B9 /* Kernel in Frameworks */,
				BD0E6F6F27AECD4500B8CF3E /* KernelBridge in Frameworks */,
				BD96F30827A57C160001C2B9 /* Parameters in Frameworks */,
				BD0E6F7127AECD4500B8CF3E /* ParameterAddress in Frameworks */,
			);
			runOnlyForDeploymentPostprocessing = 0;
		};
/* End PBXFrameworksBuildPhase section */

/* Begin PBXGroup section */
		BD1D24AA25D486A800523748 /* iOSTests */ = {
			isa = PBXGroup;
			children = (
				BD1D24AD25D486A800523748 /* Info.plist */,
			);
			path = iOSTests;
			sourceTree = "<group>";
		};
		BD1D257725D5AAB000523748 /* Snapshots */ = {
			isa = PBXGroup;
			children = (
				BD1D258725D5AAE300523748 /* SnapshotHelper.swift */,
				BD1D257825D5AAB000523748 /* Snapshots.swift */,
				BD1D257A25D5AAB000523748 /* Info.plist */,
			);
			path = Snapshots;
			sourceTree = "<group>";
		};
		BD95147624A08BB600D8024C /* macOSTests */ = {
			isa = PBXGroup;
			children = (
				BD1D249425D4831B00523748 /* BundlePropertiesTests.swift */,
				BD95147924A08BB600D8024C /* Info.plist */,
			);
			path = macOSTests;
			sourceTree = "<group>";
		};
		BDE1AE1629453A9100E1F91D /* Packages */ = {
			isa = PBXGroup;
			children = (
				BDF38C3D29589DE400D1AEDE /* AUv3Support */,
			);
			name = Packages;
			sourceTree = "<group>";
		};
		BDE5380A27B2B28B008ACA93 /* Resources */ = {
			isa = PBXGroup;
			children = (
				BDE5381527B2B3AC008ACA93 /* README.md */,
				BDE5380B27B2B28B008ACA93 /* Media.xcassets */,
				BDE5380C27B2B28B008ACA93 /* Desdemona.ttf */,
			);
			path = Resources;
			sourceTree = "<group>";
		};
		C437FE2F2223672C008D6C09 = {
			isa = PBXGroup;
			children = (
				BDE1AE1629453A9100E1F91D /* Packages */,
				BD0D190B27A814E000C974C6 /* README.md */,
				BD96F2EA27A53E260001C2B9 /* Packages */,
				BDE5380A27B2B28B008ACA93 /* Resources */,
				F1464A50F1463F7000000001 /* Configuration */,
				C4BEE79622236A29001E6B6D /* iOS */,
				C4BEE7B622236A58001E6B6D /* macOS */,
				BD95147624A08BB600D8024C /* macOSTests */,
				BD1D24AA25D486A800523748 /* iOSTests */,
				BD1D257725D5AAB000523748 /* Snapshots */,
				C437FE3B222367A6008D6C09 /* Products */,
				C4BEE81822237394001E6B6D /* Frameworks */,
			);
			sourceTree = "<group>";
		};
		C437FE3B222367A6008D6C09 /* Products */ = {
			isa = PBXGroup;
			children = (
				C437FE3A222367A6008D6C09 /* SimplyFlangeHost.app */,
				C437FE632223686D008D6C09 /* SimplyFlangeAU.appex */,
				C437FE7A2223688D008D6C09 /* SimplyFlange.app */,
				C437FEA0222368B7008D6C09 /* SimplyFlangeAU.appex */,
				BD1D257625D5AAB000523748 /* Snapshots.xctest */,
			);
			name = Products;
			sourceTree = "<group>";
		};
		C4BEE79622236A29001E6B6D /* iOS */ = {
			isa = PBXGroup;
			children = (
				BD1D250625D5178900523748 /* README.md */,
				C4BEE7A222236A29001E6B6D /* App */,
				C4BEE79722236A29001E6B6D /* Extension */,
			);
			path = iOS;
			sourceTree = "<group>";
		};
		C4BEE79722236A29001E6B6D /* Extension */ = {
			isa = PBXGroup;
			children = (
				C433F56022404C7C00F1B750 /* ViewController.swift */,
				BD38A31627A5D16200405CBC /* MainInterface.storyboard */,
				C4BEE79C22236A29001E6B6D /* Info.plist */,
			);
			path = Extension;
			sourceTree = "<group>";
		};
		C4BEE7A222236A29001E6B6D /* App */ = {
			isa = PBXGroup;
			children = (
				C4BEE7A922236A29001E6B6D /* AppDelegate.swift */,
				C4BEE80F22237302001E6B6D /* MainViewController.swift */,
				C4BEE7A722236A29001E6B6D /* Main.storyboard */,
				C4BEE7A422236A29001E6B6D /* Assets.xcassets */,
				C4BEE7AA22236A29001E6B6D /* Info.plist */,
				BD9FA81A24A9505300FA9940 /* Default-568h@2x.png */,
				C4737B092231D918002CAD0B /* App.entitlements */,
			);
			path = App;
			sourceTree = "<group>";
		};
		C4BEE7B622236A58001E6B6D /* macOS */ = {
			isa = PBXGroup;
			children = (
				BD1D250E25D517D000523748 /* README.md */,
				C4BEE7C322236A58001E6B6D /* App */,
				C4BEE7B722236A58001E6B6D /* Extension */,
			);
			path = macOS;
			sourceTree = "<group>";
		};
		C4BEE7B722236A58001E6B6D /* Extension */ = {
			isa = PBXGroup;
			children = (
				BD7AA22727A5EC71003CAE1D /* ViewController.swift */,
				BD7AA22D27A5FB5A003CAE1D /* ViewController.xib */,
				C4BEE7BE22236A58001E6B6D /* Info.plist */,
				C4BEE7BD22236A58001E6B6D /* Extension.entitlements */,
			);
			path = Extension;
			sourceTree = "<group>";
		};
		C4BEE7C322236A58001E6B6D /* App */ = {
			isa = PBXGroup;
			children = (
				BD6E935327A06B1700230C02 /* AppDelegate.swift */,
				BD6E935727A06C3800230C02 /* MainWindowController.swift */,
				BD6E935527A06C3800230C02 /* MainViewController.swift */,
				C4BEE7C722236A58001E6B6D /* Main.storyboard */,
				BD34880427A1791F00CAD24A /* Assets.xcassets */,
				BD75B6B925DAA6680071F55E /* Credits.rtf */,
				C4BEE7CA22236A58001E6B6D /* Info.plist */,
				BD0D191127A81A3C00C974C6 /* SimplyFlange.entitlements */,
			);
			path = App;
			sourceTree = "<group>";
		};
		C4BEE81822237394001E6B6D /* Frameworks */ = {
			isa = PBXGroup;
			children = (
				BDB7CE92249EC556009580D5 /* Accelerate.framework */,
				BDB7CE9D249FC152009580D5 /* Accelerate.framework */,
				C4737B0A2231D930002CAD0B /* AudioToolbox.framework */,
				C44F544622260E2C00484B67 /* CoreAudioKit.framework */,
				C44F544422260E2500484B67 /* AudioToolbox.framework */,
				C4CE62D8222601070055FE6B /* AVFoundation.framework */,
				C4BEE81B22237772001E6B6D /* MobileCoreServices.framework */,
			);
			name = Frameworks;
			sourceTree = "<group>";
		};
		F1464A50F1463F7000000001 /* Configuration */ = {
			isa = PBXGroup;
			children = (
				BD1D250525D515B100523748 /* README.md */,
				BDE2CE1924A3EBD1004AC8FA /* Common.xcconfig */,
				BDE2CE1724A3E887004AC8FA /* Dev.xcconfig */,
				BDE2CE1824A3E8DB004AC8FA /* Staging.xcconfig */,
			);
			name = Configuration;
			sourceTree = "<group>";
		};
/* End PBXGroup section */

/* Begin PBXNativeTarget section */
		BD1D257525D5AAB000523748 /* Snapshots */ = {
			isa = PBXNativeTarget;
			buildConfigurationList = BD1D257D25D5AAB000523748 /* Build configuration list for PBXNativeTarget "Snapshots" */;
			buildPhases = (
				BD1D257225D5AAB000523748 /* Sources */,
				BD1D257325D5AAB000523748 /* Frameworks */,
				BD1D257425D5AAB000523748 /* Resources */,
			);
			buildRules = (
			);
			dependencies = (
				BD1D257C25D5AAB000523748 /* PBXTargetDependency */,
			);
			name = Snapshots;
			productName = Snapshots;
			productReference = BD1D257625D5AAB000523748 /* Snapshots.xctest */;
			productType = "com.apple.product-type.bundle.ui-testing";
		};
		C437FE39222367A6008D6C09 /* iOS App */ = {
			isa = PBXNativeTarget;
			buildConfigurationList = C437FE4A222367A8008D6C09 /* Build configuration list for PBXNativeTarget "iOS App" */;
			buildPhases = (
				C437FE36222367A6008D6C09 /* Sources */,
				C437FE37222367A6008D6C09 /* Frameworks */,
				C437FE38222367A6008D6C09 /* Resources */,
				C437FE5E222367CD008D6C09 /* Embed Frameworks */,
				C437FE752223686D008D6C09 /* Embed Foundation Extensions */,
			);
			buildRules = (
			);
			dependencies = (
				C437FE702223686D008D6C09 /* PBXTargetDependency */,
			);
			name = "iOS App";
			packageProductDependencies = (
			);
			productName = "AUv3Filter iOS";
			productReference = C437FE3A222367A6008D6C09 /* SimplyFlangeHost.app */;
			productType = "com.apple.product-type.application";
		};
		C437FE622223686D008D6C09 /* iOS Extension */ = {
			isa = PBXNativeTarget;
			buildConfigurationList = C437FE722223686D008D6C09 /* Build configuration list for PBXNativeTarget "iOS Extension" */;
			buildPhases = (
				C437FE5F2223686D008D6C09 /* Sources */,
				C437FE602223686D008D6C09 /* Frameworks */,
				C437FE612223686D008D6C09 /* Resources */,
			);
			buildRules = (
			);
			dependencies = (
			);
			name = "iOS Extension";
			packageProductDependencies = (
				BD38A30127A5C80900405CBC /* Kernel */,
				BD38A30527A5C80900405CBC /* Parameters */,
				BD0E6F6627AEB42100B8CF3E /* Knob-iOS */,
				BD0E6F6A27AEC2B000B8CF3E /* ParameterAddress */,
				BD0E6F6C27AECCDF00B8CF3E /* KernelBridge */,
			);
			productName = "AUv3FilterExtension iOS";
			productReference = C437FE632223686D008D6C09 /* SimplyFlangeAU.appex */;
			productType = "com.apple.product-type.app-extension";
		};
		C437FE792223688D008D6C09 /* SimplyFlange */ = {
			isa = PBXNativeTarget;
			buildConfigurationList = C437FE872223688E008D6C09 /* Build configuration list for PBXNativeTarget "SimplyFlange" */;
			buildPhases = (
				C437FE762223688D008D6C09 /* Sources */,
				C437FE772223688D008D6C09 /* Frameworks */,
				C437FE782223688D008D6C09 /* Resources */,
				C4660A642225F9A0007BE3B1 /* Embed Foundation Extensions */,
			);
			buildRules = (
			);
			dependencies = (
				C4660A622225F9A0007BE3B1 /* PBXTargetDependency */,
			);
			name = SimplyFlange;
			packageProductDependencies = (
				BDF38C3E29589E1600D1AEDE /* AUv3-Support-macOS */,
			);
			productName = "AUv3Filter macOS";
			productReference = C437FE7A2223688D008D6C09 /* SimplyFlange.app */;
			productType = "com.apple.product-type.application";
		};
		C437FE9F222368B7008D6C09 /* macOS Extension */ = {
			isa = PBXNativeTarget;
			buildConfigurationList = C437FEB0222368B7008D6C09 /* Build configuration list for PBXNativeTarget "macOS Extension" */;
			buildPhases = (
				C437FE9C222368B7008D6C09 /* Sources */,
				C437FE9D222368B7008D6C09 /* Frameworks */,
				C437FE9E222368B7008D6C09 /* Resources */,
				BD96F31027A57C160001C2B9 /* Embed Frameworks */,
			);
			buildRules = (
			);
			dependencies = (
			);
			name = "macOS Extension";
			packageProductDependencies = (
				BD96F30327A57C160001C2B9 /* Kernel */,
				BD96F30727A57C160001C2B9 /* Parameters */,
				BD0E6F6E27AECD4500B8CF3E /* KernelBridge */,
				BD0E6F7027AECD4500B8CF3E /* ParameterAddress */,
				BD0E6F7427AECD5500B8CF3E /* Knob-macOS */,
			);
			productName = "AUv3FilterExtension macOS";
			productReference = C437FEA0222368B7008D6C09 /* SimplyFlangeAU.appex */;
			productType = "com.apple.product-type.app-extension";
		};
/* End PBXNativeTarget section */

/* Begin PBXProject section */
		C437FE302223672C008D6C09 /* Project object */ = {
			isa = PBXProject;
			attributes = {
				DefaultBuildSystemTypeForWorkspace = Latest;
				LastSwiftUpdateCheck = 1240;
				LastUpgradeCheck = 1410;
				ORGANIZATIONNAME = Apple;
				TargetAttributes = {
					BD1D257525D5AAB000523748 = {
						CreatedOnToolsVersion = 12.4;
						TestTargetID = C437FE39222367A6008D6C09;
					};
					C437FE39222367A6008D6C09 = {
						CreatedOnToolsVersion = 10.1;
						LastSwiftMigration = 1150;
						SystemCapabilities = {
							com.apple.InterAppAudio = {
								enabled = 1;
							};
						};
					};
					C437FE622223686D008D6C09 = {
						CreatedOnToolsVersion = 10.1;
						LastSwiftMigration = 1020;
					};
					C437FE792223688D008D6C09 = {
						CreatedOnToolsVersion = 10.1;
						LastSwiftMigration = 1320;
						SystemCapabilities = {
							com.apple.Sandbox = {
								enabled = 0;
							};
						};
					};
					C437FE9F222368B7008D6C09 = {
						CreatedOnToolsVersion = 10.1;
						LastSwiftMigration = 1020;
						SystemCapabilities = {
							com.apple.Sandbox = {
								enabled = 1;
							};
						};
					};
				};
			};
			buildConfigurationList = C437FE332223672C008D6C09 /* Build configuration list for PBXProject "SimplyFlange" */;
			compatibilityVersion = "Xcode 9.3";
			developmentRegion = en;
			hasScannedForEncodings = 0;
			knownRegions = (
				en,
				Base,
			);
			mainGroup = C437FE2F2223672C008D6C09;
			packageReferences = (
				BD9BFB9127A6EC450081337C /* XCRemoteSwiftPackageReference "knob" */,
			);
			productRefGroup = C437FE3B222367A6008D6C09 /* Products */;
			projectDirPath = "";
			projectRoot = "";
			targets = (
				C437FE39222367A6008D6C09 /* iOS App */,
				C437FE622223686D008D6C09 /* iOS Extension */,
				C437FE792223688D008D6C09 /* SimplyFlange */,
				C437FE9F222368B7008D6C09 /* macOS Extension */,
				BD1D257525D5AAB000523748 /* Snapshots */,
			);
		};
/* End PBXProject section */

/* Begin PBXResourcesBuildPhase section */
		BD1D257425D5AAB000523748 /* Resources */ = {
			isa = PBXResourcesBuildPhase;
			buildActionMask = 2147483647;
			files = (
			);
			runOnlyForDeploymentPostprocessing = 0;
		};
		C437FE38222367A6008D6C09 /* Resources */ = {
			isa = PBXResourcesBuildPhase;
			buildActionMask = 2147483647;
			files = (
				C4BEE7B122236A29001E6B6D /* Assets.xcassets in Resources */,
				C4BEE7B322236A29001E6B6D /* Main.storyboard in Resources */,
				BDE5380D27B2B28B008ACA93 /* Media.xcassets in Resources */,
				BDE5381127B2B28B008ACA93 /* Desdemona.ttf in Resources */,
				BD9FA81B24A9505300FA9940 /* Default-568h@2x.png in Resources */,
			);
			runOnlyForDeploymentPostprocessing = 0;
		};
		C437FE612223686D008D6C09 /* Resources */ = {
			isa = PBXResourcesBuildPhase;
			buildActionMask = 2147483647;
			files = (
				BDE5381227B2B28B008ACA93 /* Desdemona.ttf in Resources */,
				BDE5380E27B2B28B008ACA93 /* Media.xcassets in Resources */,
				BD38A31727A5D16200405CBC /* MainInterface.storyboard in Resources */,
			);
			runOnlyForDeploymentPostprocessing = 0;
		};
		C437FE782223688D008D6C09 /* Resources */ = {
			isa = PBXResourcesBuildPhase;
			buildActionMask = 2147483647;
			files = (
				C4BEE7D222236A58001E6B6D /* Main.storyboard in Resources */,
				BD34880527A1791F00CAD24A /* Assets.xcassets in Resources */,
				BDE5380F27B2B28B008ACA93 /* Media.xcassets in Resources */,
				BDE5381327B2B28B008ACA93 /* Desdemona.ttf in Resources */,
				BD75B6BA25DAA6680071F55E /* Credits.rtf in Resources */,
			);
			runOnlyForDeploymentPostprocessing = 0;
		};
		C437FE9E222368B7008D6C09 /* Resources */ = {
			isa = PBXResourcesBuildPhase;
			buildActionMask = 2147483647;
			files = (
				BDE5381427B2B28B008ACA93 /* Desdemona.ttf in Resources */,
				BDE5381027B2B28B008ACA93 /* Media.xcassets in Resources */,
				BD4F06B727A60E160019CB0D /* ViewController.xib in Resources */,
			);
			runOnlyForDeploymentPostprocessing = 0;
		};
/* End PBXResourcesBuildPhase section */

/* Begin PBXSourcesBuildPhase section */
		BD1D257225D5AAB000523748 /* Sources */ = {
			isa = PBXSourcesBuildPhase;
			buildActionMask = 2147483647;
			files = (
				BD1D257925D5AAB000523748 /* Snapshots.swift in Sources */,
				BD1D258825D5AAE300523748 /* SnapshotHelper.swift in Sources */,
			);
			runOnlyForDeploymentPostprocessing = 0;
		};
		C437FE36222367A6008D6C09 /* Sources */ = {
			isa = PBXSourcesBuildPhase;
			buildActionMask = 2147483647;
			files = (
				C4BEE7B422236A29001E6B6D /* AppDelegate.swift in Sources */,
				C4BEE81022237302001E6B6D /* MainViewController.swift in Sources */,
			);
			runOnlyForDeploymentPostprocessing = 0;
		};
		C437FE5F2223686D008D6C09 /* Sources */ = {
			isa = PBXSourcesBuildPhase;
			buildActionMask = 2147483647;
			files = (
				C433F56122404C7C00F1B750 /* ViewController.swift in Sources */,
			);
			runOnlyForDeploymentPostprocessing = 0;
		};
		C437FE762223688D008D6C09 /* Sources */ = {
			isa = PBXSourcesBuildPhase;
			buildActionMask = 2147483647;
			files = (
				BD6E935427A06B1700230C02 /* AppDelegate.swift in Sources */,
				BD6E935A27A06C3800230C02 /* MainWindowController.swift in Sources */,
				BD6E935827A06C3800230C02 /* MainViewController.swift in Sources */,
			);
			runOnlyForDeploymentPostprocessing = 0;
		};
		C437FE9C222368B7008D6C09 /* Sources */ = {
			isa = PBXSourcesBuildPhase;
			buildActionMask = 2147483647;
			files = (
				BD4F06B827A60E1B0019CB0D /* ViewController.swift in Sources */,
			);
			runOnlyForDeploymentPostprocessing = 0;
		};
/* End PBXSourcesBuildPhase section */

/* Begin PBXTargetDependency section */
		BD1D257C25D5AAB000523748 /* PBXTargetDependency */ = {
			isa = PBXTargetDependency;
			target = C437FE39222367A6008D6C09 /* iOS App */;
			targetProxy = BD1D257B25D5AAB000523748 /* PBXContainerItemProxy */;
		};
		C437FE702223686D008D6C09 /* PBXTargetDependency */ = {
			isa = PBXTargetDependency;
			target = C437FE622223686D008D6C09 /* iOS Extension */;
			targetProxy = C437FE6F2223686D008D6C09 /* PBXContainerItemProxy */;
		};
		C4660A622225F9A0007BE3B1 /* PBXTargetDependency */ = {
			isa = PBXTargetDependency;
			target = C437FE9F222368B7008D6C09 /* macOS Extension */;
			targetProxy = C4660A612225F9A0007BE3B1 /* PBXContainerItemProxy */;
		};
/* End PBXTargetDependency section */

/* Begin PBXVariantGroup section */
		C4BEE7A722236A29001E6B6D /* Main.storyboard */ = {
			isa = PBXVariantGroup;
			children = (
				C4BEE7A822236A29001E6B6D /* Base */,
			);
			name = Main.storyboard;
			sourceTree = "<group>";
		};
		C4BEE7C722236A58001E6B6D /* Main.storyboard */ = {
			isa = PBXVariantGroup;
			children = (
				C4BEE7C822236A58001E6B6D /* Base */,
			);
			name = Main.storyboard;
			sourceTree = "<group>";
		};
/* End PBXVariantGroup section */

/* Begin XCBuildConfiguration section */
		BD1D257E25D5AAB000523748 /* Debug */ = {
			isa = XCBuildConfiguration;
			buildSettings = {
				ALWAYS_SEARCH_USER_PATHS = NO;
				CLANG_ANALYZER_NONNULL = YES;
				CLANG_ANALYZER_NUMBER_OBJECT_CONVERSION = YES_AGGRESSIVE;
				CLANG_CXX_LANGUAGE_STANDARD = "c++17";
				CLANG_CXX_LIBRARY = "libc++";
				CLANG_ENABLE_MODULES = YES;
				CLANG_ENABLE_OBJC_ARC = YES;
				CLANG_ENABLE_OBJC_WEAK = YES;
				CLANG_WARN_DIRECT_OBJC_ISA_USAGE = YES_ERROR;
				CLANG_WARN_DOCUMENTATION_COMMENTS = YES;
				CLANG_WARN_OBJC_ROOT_CLASS = YES_ERROR;
				CLANG_WARN_UNGUARDED_AVAILABILITY = YES_AGGRESSIVE;
				CODE_SIGN_STYLE = Automatic;
				COPY_PHASE_STRIP = NO;
				DEBUG_INFORMATION_FORMAT = dwarf;
				DEVELOPMENT_TEAM = UP6SS5ES7E;
				GCC_C_LANGUAGE_STANDARD = c11;
				GCC_DYNAMIC_NO_PIC = NO;
				GCC_OPTIMIZATION_LEVEL = 0;
				GCC_PREPROCESSOR_DEFINITIONS = (
					"DEBUG=1",
					"$(inherited)",
				);
				GCC_WARN_ABOUT_RETURN_TYPE = YES_ERROR;
				GCC_WARN_UNINITIALIZED_AUTOS = YES_AGGRESSIVE;
				INFOPLIST_FILE = Snapshots/Info.plist;
				IPHONEOS_DEPLOYMENT_TARGET = 14.4;
				LD_RUNPATH_SEARCH_PATHS = (
					"$(inherited)",
					"@executable_path/Frameworks",
					"@loader_path/Frameworks",
				);
				MTL_ENABLE_DEBUG_INFO = INCLUDE_SOURCE;
				MTL_FAST_MATH = YES;
				PRODUCT_BUNDLE_IDENTIFIER = com.braysoftware.Snapshots;
				PRODUCT_NAME = "$(TARGET_NAME)";
				SDKROOT = iphoneos;
				SWIFT_ACTIVE_COMPILATION_CONDITIONS = DEBUG;
				SWIFT_OPTIMIZATION_LEVEL = "-Onone";
				SWIFT_VERSION = 5.0;
				TARGETED_DEVICE_FAMILY = "1,2";
				TEST_TARGET_NAME = "iOS App";
			};
			name = Debug;
		};
		BD1D257F25D5AAB000523748 /* Release */ = {
			isa = XCBuildConfiguration;
			buildSettings = {
				ALWAYS_SEARCH_USER_PATHS = NO;
				CLANG_ANALYZER_NONNULL = YES;
				CLANG_ANALYZER_NUMBER_OBJECT_CONVERSION = YES_AGGRESSIVE;
				CLANG_CXX_LANGUAGE_STANDARD = "c++17";
				CLANG_CXX_LIBRARY = "libc++";
				CLANG_ENABLE_MODULES = YES;
				CLANG_ENABLE_OBJC_ARC = YES;
				CLANG_ENABLE_OBJC_WEAK = YES;
				CLANG_WARN_DIRECT_OBJC_ISA_USAGE = YES_ERROR;
				CLANG_WARN_DOCUMENTATION_COMMENTS = YES;
				CLANG_WARN_OBJC_ROOT_CLASS = YES_ERROR;
				CLANG_WARN_UNGUARDED_AVAILABILITY = YES_AGGRESSIVE;
				CODE_SIGN_STYLE = Automatic;
				COPY_PHASE_STRIP = NO;
				DEBUG_INFORMATION_FORMAT = "dwarf-with-dsym";
				DEVELOPMENT_TEAM = UP6SS5ES7E;
				ENABLE_NS_ASSERTIONS = NO;
				GCC_C_LANGUAGE_STANDARD = c11;
				GCC_WARN_ABOUT_RETURN_TYPE = YES_ERROR;
				GCC_WARN_UNINITIALIZED_AUTOS = YES_AGGRESSIVE;
				INFOPLIST_FILE = Snapshots/Info.plist;
				IPHONEOS_DEPLOYMENT_TARGET = 14.4;
				LD_RUNPATH_SEARCH_PATHS = (
					"$(inherited)",
					"@executable_path/Frameworks",
					"@loader_path/Frameworks",
				);
				MTL_ENABLE_DEBUG_INFO = NO;
				MTL_FAST_MATH = YES;
				PRODUCT_BUNDLE_IDENTIFIER = com.braysoftware.Snapshots;
				PRODUCT_NAME = "$(TARGET_NAME)";
				SDKROOT = iphoneos;
				SWIFT_COMPILATION_MODE = wholemodule;
				SWIFT_OPTIMIZATION_LEVEL = "-O";
				SWIFT_VERSION = 5.0;
				TARGETED_DEVICE_FAMILY = "1,2";
				TEST_TARGET_NAME = "iOS App";
				VALIDATE_PRODUCT = YES;
			};
			name = Release;
		};
		BDE2CE0724A3E694004AC8FA /* Release */ = {
			isa = XCBuildConfiguration;
			baseConfigurationReference = BDE2CE1824A3E8DB004AC8FA /* Staging.xcconfig */;
			buildSettings = {
				CLANG_CXX_LANGUAGE_STANDARD = "c++17";
				CLANG_WARN_BLOCK_CAPTURE_AUTORELEASING = YES;
				CLANG_WARN_BOOL_CONVERSION = YES;
				CLANG_WARN_COMMA = YES;
				CLANG_WARN_CONSTANT_CONVERSION = YES;
				CLANG_WARN_CXX0X_EXTENSIONS = YES;
				CLANG_WARN_DEPRECATED_OBJC_IMPLEMENTATIONS = YES;
				CLANG_WARN_EMPTY_BODY = YES;
				CLANG_WARN_ENUM_CONVERSION = YES;
				CLANG_WARN_INFINITE_RECURSION = YES;
				CLANG_WARN_INT_CONVERSION = YES;
				CLANG_WARN_NON_LITERAL_NULL_CONVERSION = YES;
				CLANG_WARN_OBJC_IMPLICIT_RETAIN_SELF = YES;
				CLANG_WARN_OBJC_LITERAL_CONVERSION = YES;
				CLANG_WARN_QUOTED_INCLUDE_IN_FRAMEWORK_HEADER = YES;
				CLANG_WARN_RANGE_LOOP_ANALYSIS = YES;
				CLANG_WARN_STRICT_PROTOTYPES = YES;
				CLANG_WARN_SUSPICIOUS_MOVE = YES;
				CLANG_WARN_UNREACHABLE_CODE = YES;
				CLANG_WARN__DUPLICATE_METHOD_MATCH = YES;
				CLANG_WARN__EXIT_TIME_DESTRUCTORS = NO;
				DEAD_CODE_STRIPPING = YES;
				ENABLE_STRICT_OBJC_MSGSEND = YES;
				GCC_C_LANGUAGE_STANDARD = c11;
				GCC_NO_COMMON_BLOCKS = YES;
				GCC_WARN_64_TO_32_BIT_CONVERSION = YES;
				GCC_WARN_ABOUT_RETURN_TYPE = YES;
				GCC_WARN_HIDDEN_VIRTUAL_FUNCTIONS = YES;
				GCC_WARN_NON_VIRTUAL_DESTRUCTOR = YES;
				GCC_WARN_UNDECLARED_SELECTOR = YES;
				GCC_WARN_UNINITIALIZED_AUTOS = YES;
				GCC_WARN_UNUSED_FUNCTION = YES;
				GCC_WARN_UNUSED_VARIABLE = YES;
				IPHONEOS_DEPLOYMENT_TARGET = 14.0;
				MACOSX_DEPLOYMENT_TARGET = 11.0;
				VERSIONING_SYSTEM = "apple-generic";
			};
			name = Release;
		};
		BDE2CE0824A3E694004AC8FA /* Release */ = {
			isa = XCBuildConfiguration;
			baseConfigurationReference = BDE2CE1824A3E8DB004AC8FA /* Staging.xcconfig */;
			buildSettings = {
				ALWAYS_EMBED_SWIFT_STANDARD_LIBRARIES = YES;
				ALWAYS_SEARCH_USER_PATHS = NO;
				ASSETCATALOG_COMPILER_APPICON_NAME = AppIcon;
				CLANG_ANALYZER_NONNULL = YES;
				CLANG_ANALYZER_NUMBER_OBJECT_CONVERSION = YES_AGGRESSIVE;
				CLANG_CXX_LANGUAGE_STANDARD = "c++17";
				CLANG_CXX_LIBRARY = "libc++";
				CLANG_ENABLE_MODULES = YES;
				CLANG_ENABLE_OBJC_ARC = YES;
				CLANG_ENABLE_OBJC_WEAK = YES;
				CLANG_WARN_BLOCK_CAPTURE_AUTORELEASING = YES;
				CLANG_WARN_BOOL_CONVERSION = YES;
				CLANG_WARN_COMMA = YES;
				CLANG_WARN_CONSTANT_CONVERSION = YES;
				CLANG_WARN_DEPRECATED_OBJC_IMPLEMENTATIONS = YES;
				CLANG_WARN_DIRECT_OBJC_ISA_USAGE = YES_ERROR;
				CLANG_WARN_DOCUMENTATION_COMMENTS = YES;
				CLANG_WARN_EMPTY_BODY = YES;
				CLANG_WARN_ENUM_CONVERSION = YES;
				CLANG_WARN_INFINITE_RECURSION = YES;
				CLANG_WARN_INT_CONVERSION = YES;
				CLANG_WARN_NON_LITERAL_NULL_CONVERSION = YES;
				CLANG_WARN_OBJC_IMPLICIT_RETAIN_SELF = YES;
				CLANG_WARN_OBJC_LITERAL_CONVERSION = YES;
				CLANG_WARN_OBJC_ROOT_CLASS = YES_ERROR;
				CLANG_WARN_RANGE_LOOP_ANALYSIS = YES;
				CLANG_WARN_STRICT_PROTOTYPES = YES;
				CLANG_WARN_SUSPICIOUS_MOVE = YES;
				CLANG_WARN_UNGUARDED_AVAILABILITY = YES_AGGRESSIVE;
				CLANG_WARN_UNREACHABLE_CODE = YES;
				CLANG_WARN__DUPLICATE_METHOD_MATCH = YES;
				CODE_SIGN_ENTITLEMENTS = iOS/App/App.entitlements;
				CODE_SIGN_IDENTITY = "Apple Development";
				CODE_SIGN_STYLE = Automatic;
				COPY_PHASE_STRIP = NO;
				CURRENT_PROJECT_VERSION = 20221208231431;
				DEBUG_INFORMATION_FORMAT = "dwarf-with-dsym";
				DEVELOPMENT_TEAM = UP6SS5ES7E;
				ENABLE_NS_ASSERTIONS = NO;
				ENABLE_STRICT_OBJC_MSGSEND = YES;
				GCC_C_LANGUAGE_STANDARD = c11;
				GCC_NO_COMMON_BLOCKS = YES;
				GCC_OPTIMIZATION_LEVEL = s;
				GCC_WARN_64_TO_32_BIT_CONVERSION = YES;
				GCC_WARN_ABOUT_RETURN_TYPE = YES_ERROR;
				GCC_WARN_UNDECLARED_SELECTOR = YES;
				GCC_WARN_UNINITIALIZED_AUTOS = YES_AGGRESSIVE;
				GCC_WARN_UNUSED_FUNCTION = YES;
				GCC_WARN_UNUSED_VARIABLE = YES;
				INFOPLIST_FILE = iOS/App/Info.plist;
				LD_RUNPATH_SEARCH_PATHS = (
					"$(inherited)",
					"@executable_path/Frameworks",
				);
				MARKETING_VERSION = 3.0.1;
				MTL_ENABLE_DEBUG_INFO = NO;
				MTL_FAST_MATH = YES;
				PRODUCT_BUNDLE_IDENTIFIER = com.braysoftware.SimplyFlange;
				PRODUCT_NAME = SimplyFlangeHost;
				PROVISIONING_PROFILE_SPECIFIER = "";
				SDKROOT = iphoneos;
				SWIFT_COMPILATION_MODE = wholemodule;
				SWIFT_OPTIMIZATION_LEVEL = "-O";
				SWIFT_VERSION = 5.0;
				TARGETED_DEVICE_FAMILY = "1,2";
				VALIDATE_PRODUCT = YES;
			};
			name = Release;
		};
		BDE2CE0924A3E694004AC8FA /* Release */ = {
			isa = XCBuildConfiguration;
			baseConfigurationReference = BDE2CE1824A3E8DB004AC8FA /* Staging.xcconfig */;
			buildSettings = {
				ALWAYS_SEARCH_USER_PATHS = NO;
				APPLICATION_EXTENSION_API_ONLY = YES;
				CLANG_ANALYZER_NONNULL = YES;
				CLANG_ANALYZER_NUMBER_OBJECT_CONVERSION = YES_AGGRESSIVE;
				CLANG_CXX_LANGUAGE_STANDARD = "c++17";
				CLANG_CXX_LIBRARY = "libc++";
				CLANG_ENABLE_MODULES = YES;
				CLANG_ENABLE_OBJC_ARC = YES;
				CLANG_ENABLE_OBJC_WEAK = YES;
				CLANG_WARN_BLOCK_CAPTURE_AUTORELEASING = YES;
				CLANG_WARN_BOOL_CONVERSION = YES;
				CLANG_WARN_COMMA = YES;
				CLANG_WARN_CONSTANT_CONVERSION = YES;
				CLANG_WARN_DEPRECATED_OBJC_IMPLEMENTATIONS = YES;
				CLANG_WARN_DIRECT_OBJC_ISA_USAGE = YES_ERROR;
				CLANG_WARN_DOCUMENTATION_COMMENTS = YES;
				CLANG_WARN_EMPTY_BODY = YES;
				CLANG_WARN_ENUM_CONVERSION = YES;
				CLANG_WARN_INFINITE_RECURSION = YES;
				CLANG_WARN_INT_CONVERSION = YES;
				CLANG_WARN_NON_LITERAL_NULL_CONVERSION = YES;
				CLANG_WARN_OBJC_IMPLICIT_RETAIN_SELF = YES;
				CLANG_WARN_OBJC_LITERAL_CONVERSION = YES;
				CLANG_WARN_OBJC_ROOT_CLASS = YES_ERROR;
				CLANG_WARN_RANGE_LOOP_ANALYSIS = YES;
				CLANG_WARN_STRICT_PROTOTYPES = YES;
				CLANG_WARN_SUSPICIOUS_MOVE = YES;
				CLANG_WARN_UNGUARDED_AVAILABILITY = YES_AGGRESSIVE;
				CLANG_WARN_UNREACHABLE_CODE = YES;
				CLANG_WARN__DUPLICATE_METHOD_MATCH = YES;
				CODE_SIGN_IDENTITY = "Apple Development";
				CODE_SIGN_STYLE = Automatic;
				COPY_PHASE_STRIP = NO;
				CURRENT_PROJECT_VERSION = 20221208231431;
				DEBUG_INFORMATION_FORMAT = "dwarf-with-dsym";
				DEVELOPMENT_TEAM = UP6SS5ES7E;
				ENABLE_NS_ASSERTIONS = NO;
				ENABLE_STRICT_OBJC_MSGSEND = YES;
				GCC_C_LANGUAGE_STANDARD = c11;
				GCC_NO_COMMON_BLOCKS = YES;
				GCC_WARN_64_TO_32_BIT_CONVERSION = YES;
				GCC_WARN_ABOUT_RETURN_TYPE = YES_ERROR;
				GCC_WARN_UNDECLARED_SELECTOR = YES;
				GCC_WARN_UNINITIALIZED_AUTOS = YES_AGGRESSIVE;
				GCC_WARN_UNUSED_FUNCTION = YES;
				GCC_WARN_UNUSED_VARIABLE = YES;
				INFOPLIST_FILE = iOS/Extension/Info.plist;
				LD_RUNPATH_SEARCH_PATHS = (
					"$(inherited)",
					"@executable_path/Frameworks",
					"@executable_path/../../Frameworks",
				);
				MARKETING_VERSION = 3.0.1;
				MTL_ENABLE_DEBUG_INFO = NO;
				MTL_FAST_MATH = YES;
				PRODUCT_BUNDLE_IDENTIFIER = com.braysoftware.SimplyFlange.appex;
				PRODUCT_NAME = SimplyFlangeAU;
				PROVISIONING_PROFILE_SPECIFIER = "";
				SDKROOT = iphoneos;
				SKIP_INSTALL = YES;
				SWIFT_COMPILATION_MODE = wholemodule;
				SWIFT_OPTIMIZATION_LEVEL = "-O";
				SWIFT_VERSION = 5.0;
				TARGETED_DEVICE_FAMILY = "1,2";
				VALIDATE_PRODUCT = YES;
			};
			name = Release;
		};
		BDE2CE0B24A3E694004AC8FA /* Release */ = {
			isa = XCBuildConfiguration;
			baseConfigurationReference = BDE2CE1824A3E8DB004AC8FA /* Staging.xcconfig */;
			buildSettings = {
				ALWAYS_EMBED_SWIFT_STANDARD_LIBRARIES = YES;
				ALWAYS_SEARCH_USER_PATHS = NO;
				ASSETCATALOG_COMPILER_APPICON_NAME = AppIcon;
				CLANG_ANALYZER_NONNULL = YES;
				CLANG_ANALYZER_NUMBER_OBJECT_CONVERSION = YES_AGGRESSIVE;
				CLANG_CXX_LANGUAGE_STANDARD = "c++17";
				CLANG_CXX_LIBRARY = "libc++";
				CLANG_ENABLE_MODULES = YES;
				CLANG_ENABLE_OBJC_ARC = YES;
				CLANG_ENABLE_OBJC_WEAK = YES;
				CLANG_WARN_BLOCK_CAPTURE_AUTORELEASING = YES;
				CLANG_WARN_BOOL_CONVERSION = YES;
				CLANG_WARN_COMMA = YES;
				CLANG_WARN_CONSTANT_CONVERSION = YES;
				CLANG_WARN_DEPRECATED_OBJC_IMPLEMENTATIONS = YES;
				CLANG_WARN_DIRECT_OBJC_ISA_USAGE = YES_ERROR;
				CLANG_WARN_DOCUMENTATION_COMMENTS = YES;
				CLANG_WARN_EMPTY_BODY = YES;
				CLANG_WARN_ENUM_CONVERSION = YES;
				CLANG_WARN_INFINITE_RECURSION = YES;
				CLANG_WARN_INT_CONVERSION = YES;
				CLANG_WARN_NON_LITERAL_NULL_CONVERSION = YES;
				CLANG_WARN_OBJC_IMPLICIT_RETAIN_SELF = YES;
				CLANG_WARN_OBJC_LITERAL_CONVERSION = YES;
				CLANG_WARN_OBJC_ROOT_CLASS = YES_ERROR;
				CLANG_WARN_RANGE_LOOP_ANALYSIS = YES;
				CLANG_WARN_STRICT_PROTOTYPES = YES;
				CLANG_WARN_SUSPICIOUS_MOVE = YES;
				CLANG_WARN_UNGUARDED_AVAILABILITY = YES_AGGRESSIVE;
				CLANG_WARN_UNREACHABLE_CODE = YES;
				CLANG_WARN__DUPLICATE_METHOD_MATCH = YES;
				CODE_SIGN_ENTITLEMENTS = macOS/App/SimplyFlange.entitlements;
				CODE_SIGN_IDENTITY = "Apple Development";
				CODE_SIGN_STYLE = Automatic;
				COMBINE_HIDPI_IMAGES = YES;
				COPY_PHASE_STRIP = NO;
				CURRENT_PROJECT_VERSION = 20221208231431;
				DEAD_CODE_STRIPPING = YES;
				DEBUG_INFORMATION_FORMAT = "dwarf-with-dsym";
				DEVELOPMENT_TEAM = UP6SS5ES7E;
				ENABLE_HARDENED_RUNTIME = YES;
				ENABLE_NS_ASSERTIONS = NO;
				ENABLE_STRICT_OBJC_MSGSEND = YES;
				GCC_C_LANGUAGE_STANDARD = c11;
				GCC_NO_COMMON_BLOCKS = YES;
				GCC_WARN_64_TO_32_BIT_CONVERSION = YES;
				GCC_WARN_ABOUT_RETURN_TYPE = YES_ERROR;
				GCC_WARN_UNDECLARED_SELECTOR = YES;
				GCC_WARN_UNINITIALIZED_AUTOS = YES_AGGRESSIVE;
				GCC_WARN_UNUSED_FUNCTION = YES;
				GCC_WARN_UNUSED_VARIABLE = YES;
				INFOPLIST_FILE = macOS/App/Info.plist;
				INFOPLIST_KEY_LSApplicationCategoryType = "public.app-category.music";
				LD_RUNPATH_SEARCH_PATHS = (
					"$(inherited)",
					"@executable_path/../Frameworks",
				);
				MACOSX_DEPLOYMENT_TARGET = 11.0;
				MARKETING_VERSION = 3.0.1;
				MTL_ENABLE_DEBUG_INFO = NO;
				MTL_FAST_MATH = YES;
				PRODUCT_BUNDLE_IDENTIFIER = com.braysoftware.SimplyFlange;
				PRODUCT_NAME = SimplyFlange;
				PROVISIONING_PROFILE_SPECIFIER = "";
				SDKROOT = macosx;
				SWIFT_COMPILATION_MODE = wholemodule;
				SWIFT_OPTIMIZATION_LEVEL = "-O";
				SWIFT_VERSION = 5.0;
			};
			name = Release;
		};
		BDE2CE0C24A3E694004AC8FA /* Release */ = {
			isa = XCBuildConfiguration;
			baseConfigurationReference = BDE2CE1824A3E8DB004AC8FA /* Staging.xcconfig */;
			buildSettings = {
				ALWAYS_SEARCH_USER_PATHS = NO;
				APPLICATION_EXTENSION_API_ONLY = YES;
				CLANG_ANALYZER_NONNULL = YES;
				CLANG_ANALYZER_NUMBER_OBJECT_CONVERSION = YES_AGGRESSIVE;
				CLANG_CXX_LANGUAGE_STANDARD = "c++17";
				CLANG_CXX_LIBRARY = "libc++";
				CLANG_ENABLE_MODULES = YES;
				CLANG_ENABLE_OBJC_ARC = YES;
				CLANG_ENABLE_OBJC_WEAK = YES;
				CLANG_WARN_BLOCK_CAPTURE_AUTORELEASING = YES;
				CLANG_WARN_BOOL_CONVERSION = YES;
				CLANG_WARN_COMMA = YES;
				CLANG_WARN_CONSTANT_CONVERSION = YES;
				CLANG_WARN_DEPRECATED_OBJC_IMPLEMENTATIONS = YES;
				CLANG_WARN_DIRECT_OBJC_ISA_USAGE = YES_ERROR;
				CLANG_WARN_DOCUMENTATION_COMMENTS = YES;
				CLANG_WARN_EMPTY_BODY = YES;
				CLANG_WARN_ENUM_CONVERSION = YES;
				CLANG_WARN_INFINITE_RECURSION = YES;
				CLANG_WARN_INT_CONVERSION = YES;
				CLANG_WARN_NON_LITERAL_NULL_CONVERSION = YES;
				CLANG_WARN_OBJC_IMPLICIT_RETAIN_SELF = YES;
				CLANG_WARN_OBJC_LITERAL_CONVERSION = YES;
				CLANG_WARN_OBJC_ROOT_CLASS = YES_ERROR;
				CLANG_WARN_RANGE_LOOP_ANALYSIS = YES;
				CLANG_WARN_STRICT_PROTOTYPES = YES;
				CLANG_WARN_SUSPICIOUS_MOVE = YES;
				CLANG_WARN_UNGUARDED_AVAILABILITY = YES_AGGRESSIVE;
				CLANG_WARN_UNREACHABLE_CODE = YES;
				CLANG_WARN__DUPLICATE_METHOD_MATCH = YES;
				CODE_SIGN_ENTITLEMENTS = macOS/Extension/Extension.entitlements;
				CODE_SIGN_IDENTITY = "Mac Developer";
				CODE_SIGN_STYLE = Automatic;
				COPY_PHASE_STRIP = NO;
				CURRENT_PROJECT_VERSION = 20221208231431;
				DEAD_CODE_STRIPPING = YES;
				DEBUG_INFORMATION_FORMAT = "dwarf-with-dsym";
				DEVELOPMENT_TEAM = UP6SS5ES7E;
				ENABLE_HARDENED_RUNTIME = YES;
				ENABLE_NS_ASSERTIONS = NO;
				ENABLE_STRICT_OBJC_MSGSEND = YES;
				GCC_C_LANGUAGE_STANDARD = c11;
				GCC_NO_COMMON_BLOCKS = YES;
				GCC_WARN_64_TO_32_BIT_CONVERSION = YES;
				GCC_WARN_ABOUT_RETURN_TYPE = YES_ERROR;
				GCC_WARN_UNDECLARED_SELECTOR = YES;
				GCC_WARN_UNINITIALIZED_AUTOS = YES_AGGRESSIVE;
				GCC_WARN_UNUSED_FUNCTION = YES;
				GCC_WARN_UNUSED_VARIABLE = YES;
				INFOPLIST_FILE = macOS/Extension/Info.plist;
				LD_RUNPATH_SEARCH_PATHS = (
					"$(inherited)",
					"@executable_path/../Frameworks",
					"@executable_path/../../../../Frameworks",
				);
				MARKETING_VERSION = 3.0.1;
				MTL_ENABLE_DEBUG_INFO = NO;
				MTL_FAST_MATH = YES;
				PRODUCT_BUNDLE_IDENTIFIER = com.braysoftware.SimplyFlange.appex;
				PRODUCT_NAME = SimplyFlangeAU;
				PROVISIONING_PROFILE_SPECIFIER = "";
				SDKROOT = macosx;
				SKIP_INSTALL = YES;
				SWIFT_COMPILATION_MODE = wholemodule;
				SWIFT_OPTIMIZATION_LEVEL = "-O";
				SWIFT_VERSION = 5.0;
			};
			name = Release;
		};
		C437FE342223672C008D6C09 /* Debug */ = {
			isa = XCBuildConfiguration;
			baseConfigurationReference = BDE2CE1724A3E887004AC8FA /* Dev.xcconfig */;
			buildSettings = {
				CLANG_CXX_LANGUAGE_STANDARD = "c++17";
				CLANG_WARN_BLOCK_CAPTURE_AUTORELEASING = YES;
				CLANG_WARN_BOOL_CONVERSION = YES;
				CLANG_WARN_COMMA = YES;
				CLANG_WARN_CONSTANT_CONVERSION = YES;
				CLANG_WARN_CXX0X_EXTENSIONS = YES;
				CLANG_WARN_DEPRECATED_OBJC_IMPLEMENTATIONS = YES;
				CLANG_WARN_EMPTY_BODY = YES;
				CLANG_WARN_ENUM_CONVERSION = YES;
				CLANG_WARN_INFINITE_RECURSION = YES;
				CLANG_WARN_INT_CONVERSION = YES;
				CLANG_WARN_NON_LITERAL_NULL_CONVERSION = YES;
				CLANG_WARN_OBJC_IMPLICIT_RETAIN_SELF = YES;
				CLANG_WARN_OBJC_LITERAL_CONVERSION = YES;
				CLANG_WARN_QUOTED_INCLUDE_IN_FRAMEWORK_HEADER = YES;
				CLANG_WARN_RANGE_LOOP_ANALYSIS = YES;
				CLANG_WARN_STRICT_PROTOTYPES = YES;
				CLANG_WARN_SUSPICIOUS_MOVE = YES;
				CLANG_WARN_UNREACHABLE_CODE = YES;
				CLANG_WARN__DUPLICATE_METHOD_MATCH = YES;
				CLANG_WARN__EXIT_TIME_DESTRUCTORS = NO;
				DEAD_CODE_STRIPPING = YES;
				ENABLE_STRICT_OBJC_MSGSEND = YES;
				ENABLE_TESTABILITY = YES;
				GCC_C_LANGUAGE_STANDARD = c11;
				GCC_NO_COMMON_BLOCKS = YES;
				GCC_WARN_64_TO_32_BIT_CONVERSION = YES;
				GCC_WARN_ABOUT_RETURN_TYPE = YES;
				GCC_WARN_HIDDEN_VIRTUAL_FUNCTIONS = YES;
				GCC_WARN_NON_VIRTUAL_DESTRUCTOR = YES;
				GCC_WARN_UNDECLARED_SELECTOR = YES;
				GCC_WARN_UNINITIALIZED_AUTOS = YES;
				GCC_WARN_UNUSED_FUNCTION = YES;
				GCC_WARN_UNUSED_VARIABLE = YES;
				IPHONEOS_DEPLOYMENT_TARGET = 14.0;
				MACOSX_DEPLOYMENT_TARGET = 11.0;
				ONLY_ACTIVE_ARCH = YES;
				VERSIONING_SYSTEM = "apple-generic";
			};
			name = Debug;
		};
		C437FE4B222367A8008D6C09 /* Debug */ = {
			isa = XCBuildConfiguration;
			baseConfigurationReference = BDE2CE1724A3E887004AC8FA /* Dev.xcconfig */;
			buildSettings = {
				ALWAYS_EMBED_SWIFT_STANDARD_LIBRARIES = YES;
				ALWAYS_SEARCH_USER_PATHS = NO;
				ASSETCATALOG_COMPILER_APPICON_NAME = AppIcon;
				CLANG_ANALYZER_NONNULL = YES;
				CLANG_ANALYZER_NUMBER_OBJECT_CONVERSION = YES_AGGRESSIVE;
				CLANG_CXX_LANGUAGE_STANDARD = "c++17";
				CLANG_CXX_LIBRARY = "libc++";
				CLANG_ENABLE_MODULES = YES;
				CLANG_ENABLE_OBJC_ARC = YES;
				CLANG_ENABLE_OBJC_WEAK = YES;
				CLANG_WARN_BLOCK_CAPTURE_AUTORELEASING = YES;
				CLANG_WARN_BOOL_CONVERSION = YES;
				CLANG_WARN_COMMA = YES;
				CLANG_WARN_CONSTANT_CONVERSION = YES;
				CLANG_WARN_DEPRECATED_OBJC_IMPLEMENTATIONS = YES;
				CLANG_WARN_DIRECT_OBJC_ISA_USAGE = YES_ERROR;
				CLANG_WARN_DOCUMENTATION_COMMENTS = YES;
				CLANG_WARN_EMPTY_BODY = YES;
				CLANG_WARN_ENUM_CONVERSION = YES;
				CLANG_WARN_INFINITE_RECURSION = YES;
				CLANG_WARN_INT_CONVERSION = YES;
				CLANG_WARN_NON_LITERAL_NULL_CONVERSION = YES;
				CLANG_WARN_OBJC_IMPLICIT_RETAIN_SELF = YES;
				CLANG_WARN_OBJC_LITERAL_CONVERSION = YES;
				CLANG_WARN_OBJC_ROOT_CLASS = YES_ERROR;
				CLANG_WARN_RANGE_LOOP_ANALYSIS = YES;
				CLANG_WARN_STRICT_PROTOTYPES = YES;
				CLANG_WARN_SUSPICIOUS_MOVE = YES;
				CLANG_WARN_UNGUARDED_AVAILABILITY = YES_AGGRESSIVE;
				CLANG_WARN_UNREACHABLE_CODE = YES;
				CLANG_WARN__DUPLICATE_METHOD_MATCH = YES;
				CODE_SIGN_ENTITLEMENTS = iOS/App/App.entitlements;
				CODE_SIGN_IDENTITY = "Apple Development";
				CODE_SIGN_STYLE = Automatic;
				COPY_PHASE_STRIP = NO;
				CURRENT_PROJECT_VERSION = 20221208231431;
				DEBUG_INFORMATION_FORMAT = dwarf;
				DEVELOPMENT_TEAM = UP6SS5ES7E;
				ENABLE_STRICT_OBJC_MSGSEND = YES;
				ENABLE_TESTABILITY = YES;
				GCC_C_LANGUAGE_STANDARD = c11;
				GCC_DYNAMIC_NO_PIC = NO;
				GCC_NO_COMMON_BLOCKS = YES;
				GCC_OPTIMIZATION_LEVEL = 0;
				GCC_PREPROCESSOR_DEFINITIONS = (
					"DEBUG=1",
					"$(inherited)",
				);
				GCC_WARN_64_TO_32_BIT_CONVERSION = YES;
				GCC_WARN_ABOUT_RETURN_TYPE = YES_ERROR;
				GCC_WARN_UNDECLARED_SELECTOR = YES;
				GCC_WARN_UNINITIALIZED_AUTOS = YES_AGGRESSIVE;
				GCC_WARN_UNUSED_FUNCTION = YES;
				GCC_WARN_UNUSED_VARIABLE = YES;
				INFOPLIST_FILE = iOS/App/Info.plist;
				LD_RUNPATH_SEARCH_PATHS = (
					"$(inherited)",
					"@executable_path/Frameworks",
				);
				MARKETING_VERSION = 3.0.1;
				MTL_ENABLE_DEBUG_INFO = INCLUDE_SOURCE;
				MTL_FAST_MATH = YES;
				ONLY_ACTIVE_ARCH = YES;
				PRODUCT_BUNDLE_IDENTIFIER = com.braysoftware.SimplyFlange;
				PRODUCT_NAME = SimplyFlangeHost;
				PROVISIONING_PROFILE_SPECIFIER = "";
				SDKROOT = iphoneos;
				SWIFT_ACTIVE_COMPILATION_CONDITIONS = DEBUG;
				SWIFT_OPTIMIZATION_LEVEL = "-Onone";
				SWIFT_VERSION = 5.0;
				TARGETED_DEVICE_FAMILY = "1,2";
			};
			name = Debug;
		};
		C437FE732223686D008D6C09 /* Debug */ = {
			isa = XCBuildConfiguration;
			baseConfigurationReference = BDE2CE1724A3E887004AC8FA /* Dev.xcconfig */;
			buildSettings = {
				ALWAYS_SEARCH_USER_PATHS = NO;
				APPLICATION_EXTENSION_API_ONLY = YES;
				CLANG_ANALYZER_NONNULL = YES;
				CLANG_ANALYZER_NUMBER_OBJECT_CONVERSION = YES_AGGRESSIVE;
				CLANG_CXX_LANGUAGE_STANDARD = "c++17";
				CLANG_CXX_LIBRARY = "libc++";
				CLANG_ENABLE_MODULES = YES;
				CLANG_ENABLE_OBJC_ARC = YES;
				CLANG_ENABLE_OBJC_WEAK = YES;
				CLANG_WARN_BLOCK_CAPTURE_AUTORELEASING = YES;
				CLANG_WARN_BOOL_CONVERSION = YES;
				CLANG_WARN_COMMA = YES;
				CLANG_WARN_CONSTANT_CONVERSION = YES;
				CLANG_WARN_DEPRECATED_OBJC_IMPLEMENTATIONS = YES;
				CLANG_WARN_DIRECT_OBJC_ISA_USAGE = YES_ERROR;
				CLANG_WARN_DOCUMENTATION_COMMENTS = YES;
				CLANG_WARN_EMPTY_BODY = YES;
				CLANG_WARN_ENUM_CONVERSION = YES;
				CLANG_WARN_INFINITE_RECURSION = YES;
				CLANG_WARN_INT_CONVERSION = YES;
				CLANG_WARN_NON_LITERAL_NULL_CONVERSION = YES;
				CLANG_WARN_OBJC_IMPLICIT_RETAIN_SELF = YES;
				CLANG_WARN_OBJC_LITERAL_CONVERSION = YES;
				CLANG_WARN_OBJC_ROOT_CLASS = YES_ERROR;
				CLANG_WARN_RANGE_LOOP_ANALYSIS = YES;
				CLANG_WARN_STRICT_PROTOTYPES = YES;
				CLANG_WARN_SUSPICIOUS_MOVE = YES;
				CLANG_WARN_UNGUARDED_AVAILABILITY = YES_AGGRESSIVE;
				CLANG_WARN_UNREACHABLE_CODE = YES;
				CLANG_WARN__DUPLICATE_METHOD_MATCH = YES;
				CODE_SIGN_IDENTITY = "Apple Development";
				CODE_SIGN_STYLE = Automatic;
				COPY_PHASE_STRIP = NO;
				CURRENT_PROJECT_VERSION = 20221208231431;
				DEBUG_INFORMATION_FORMAT = dwarf;
				DEVELOPMENT_TEAM = UP6SS5ES7E;
				ENABLE_STRICT_OBJC_MSGSEND = YES;
				ENABLE_TESTABILITY = YES;
				GCC_C_LANGUAGE_STANDARD = c11;
				GCC_DYNAMIC_NO_PIC = NO;
				GCC_NO_COMMON_BLOCKS = YES;
				GCC_OPTIMIZATION_LEVEL = 0;
				GCC_PREPROCESSOR_DEFINITIONS = (
					"DEBUG=1",
					"$(inherited)",
				);
				GCC_WARN_64_TO_32_BIT_CONVERSION = YES;
				GCC_WARN_ABOUT_RETURN_TYPE = YES_ERROR;
				GCC_WARN_UNDECLARED_SELECTOR = YES;
				GCC_WARN_UNINITIALIZED_AUTOS = YES_AGGRESSIVE;
				GCC_WARN_UNUSED_FUNCTION = YES;
				GCC_WARN_UNUSED_VARIABLE = YES;
				INFOPLIST_FILE = iOS/Extension/Info.plist;
				LD_RUNPATH_SEARCH_PATHS = (
					"$(inherited)",
					"@executable_path/Frameworks",
					"@executable_path/../../Frameworks",
				);
				MARKETING_VERSION = 3.0.1;
				MTL_ENABLE_DEBUG_INFO = INCLUDE_SOURCE;
				MTL_FAST_MATH = YES;
				ONLY_ACTIVE_ARCH = YES;
				PRODUCT_BUNDLE_IDENTIFIER = com.braysoftware.SimplyFlange.appex;
				PRODUCT_NAME = SimplyFlangeAU;
				PROVISIONING_PROFILE_SPECIFIER = "";
				SDKROOT = iphoneos;
				SKIP_INSTALL = YES;
				SWIFT_ACTIVE_COMPILATION_CONDITIONS = DEBUG;
				SWIFT_OPTIMIZATION_LEVEL = "-Onone";
				SWIFT_VERSION = 5.0;
				TARGETED_DEVICE_FAMILY = "1,2";
			};
			name = Debug;
		};
		C437FE882223688E008D6C09 /* Debug */ = {
			isa = XCBuildConfiguration;
			baseConfigurationReference = BDE2CE1724A3E887004AC8FA /* Dev.xcconfig */;
			buildSettings = {
				ALWAYS_EMBED_SWIFT_STANDARD_LIBRARIES = YES;
				ALWAYS_SEARCH_USER_PATHS = NO;
				ASSETCATALOG_COMPILER_APPICON_NAME = AppIcon;
				CLANG_ANALYZER_NONNULL = YES;
				CLANG_ANALYZER_NUMBER_OBJECT_CONVERSION = YES_AGGRESSIVE;
				CLANG_CXX_LANGUAGE_STANDARD = "c++17";
				CLANG_CXX_LIBRARY = "libc++";
				CLANG_ENABLE_MODULES = YES;
				CLANG_ENABLE_OBJC_ARC = YES;
				CLANG_ENABLE_OBJC_WEAK = YES;
				CLANG_WARN_BLOCK_CAPTURE_AUTORELEASING = YES;
				CLANG_WARN_BOOL_CONVERSION = YES;
				CLANG_WARN_COMMA = YES;
				CLANG_WARN_CONSTANT_CONVERSION = YES;
				CLANG_WARN_DEPRECATED_OBJC_IMPLEMENTATIONS = YES;
				CLANG_WARN_DIRECT_OBJC_ISA_USAGE = YES_ERROR;
				CLANG_WARN_DOCUMENTATION_COMMENTS = YES;
				CLANG_WARN_EMPTY_BODY = YES;
				CLANG_WARN_ENUM_CONVERSION = YES;
				CLANG_WARN_INFINITE_RECURSION = YES;
				CLANG_WARN_INT_CONVERSION = YES;
				CLANG_WARN_NON_LITERAL_NULL_CONVERSION = YES;
				CLANG_WARN_OBJC_IMPLICIT_RETAIN_SELF = YES;
				CLANG_WARN_OBJC_LITERAL_CONVERSION = YES;
				CLANG_WARN_OBJC_ROOT_CLASS = YES_ERROR;
				CLANG_WARN_RANGE_LOOP_ANALYSIS = YES;
				CLANG_WARN_STRICT_PROTOTYPES = YES;
				CLANG_WARN_SUSPICIOUS_MOVE = YES;
				CLANG_WARN_UNGUARDED_AVAILABILITY = YES_AGGRESSIVE;
				CLANG_WARN_UNREACHABLE_CODE = YES;
				CLANG_WARN__DUPLICATE_METHOD_MATCH = YES;
				CODE_SIGN_ENTITLEMENTS = macOS/App/SimplyFlange.entitlements;
				CODE_SIGN_IDENTITY = "Apple Development";
				CODE_SIGN_STYLE = Automatic;
				COMBINE_HIDPI_IMAGES = YES;
				COPY_PHASE_STRIP = NO;
				CURRENT_PROJECT_VERSION = 20221208231431;
				DEAD_CODE_STRIPPING = YES;
				DEBUG_INFORMATION_FORMAT = dwarf;
				DEVELOPMENT_TEAM = UP6SS5ES7E;
				ENABLE_HARDENED_RUNTIME = YES;
				ENABLE_STRICT_OBJC_MSGSEND = YES;
				ENABLE_TESTABILITY = YES;
				GCC_C_LANGUAGE_STANDARD = c11;
				GCC_DYNAMIC_NO_PIC = NO;
				GCC_NO_COMMON_BLOCKS = YES;
				GCC_OPTIMIZATION_LEVEL = 0;
				GCC_PREPROCESSOR_DEFINITIONS = (
					"DEBUG=1",
					"$(inherited)",
				);
				GCC_WARN_64_TO_32_BIT_CONVERSION = YES;
				GCC_WARN_ABOUT_RETURN_TYPE = YES_ERROR;
				GCC_WARN_UNDECLARED_SELECTOR = YES;
				GCC_WARN_UNINITIALIZED_AUTOS = YES_AGGRESSIVE;
				GCC_WARN_UNUSED_FUNCTION = YES;
				GCC_WARN_UNUSED_VARIABLE = YES;
				INFOPLIST_FILE = macOS/App/Info.plist;
				INFOPLIST_KEY_LSApplicationCategoryType = "public.app-category.music";
				LD_RUNPATH_SEARCH_PATHS = (
					"$(inherited)",
					"@executable_path/../Frameworks",
				);
				MACOSX_DEPLOYMENT_TARGET = 11.0;
				MARKETING_VERSION = 3.0.1;
				MTL_ENABLE_DEBUG_INFO = INCLUDE_SOURCE;
				MTL_FAST_MATH = YES;
				ONLY_ACTIVE_ARCH = YES;
				PRODUCT_BUNDLE_IDENTIFIER = com.braysoftware.SimplyFlange;
				PRODUCT_NAME = SimplyFlange;
				PROVISIONING_PROFILE_SPECIFIER = "";
				SDKROOT = macosx;
				SWIFT_ACTIVE_COMPILATION_CONDITIONS = DEBUG;
				SWIFT_OPTIMIZATION_LEVEL = "-Onone";
				SWIFT_VERSION = 5.0;
			};
			name = Debug;
		};
		C437FEB1222368B7008D6C09 /* Debug */ = {
			isa = XCBuildConfiguration;
			baseConfigurationReference = BDE2CE1724A3E887004AC8FA /* Dev.xcconfig */;
			buildSettings = {
				ALWAYS_SEARCH_USER_PATHS = NO;
				APPLICATION_EXTENSION_API_ONLY = YES;
				CLANG_ANALYZER_NONNULL = YES;
				CLANG_ANALYZER_NUMBER_OBJECT_CONVERSION = YES_AGGRESSIVE;
				CLANG_CXX_LANGUAGE_STANDARD = "c++17";
				CLANG_CXX_LIBRARY = "libc++";
				CLANG_ENABLE_MODULES = YES;
				CLANG_ENABLE_OBJC_ARC = YES;
				CLANG_ENABLE_OBJC_WEAK = YES;
				CLANG_WARN_BLOCK_CAPTURE_AUTORELEASING = YES;
				CLANG_WARN_BOOL_CONVERSION = YES;
				CLANG_WARN_COMMA = YES;
				CLANG_WARN_CONSTANT_CONVERSION = YES;
				CLANG_WARN_DEPRECATED_OBJC_IMPLEMENTATIONS = YES;
				CLANG_WARN_DIRECT_OBJC_ISA_USAGE = YES_ERROR;
				CLANG_WARN_DOCUMENTATION_COMMENTS = YES;
				CLANG_WARN_EMPTY_BODY = YES;
				CLANG_WARN_ENUM_CONVERSION = YES;
				CLANG_WARN_INFINITE_RECURSION = YES;
				CLANG_WARN_INT_CONVERSION = YES;
				CLANG_WARN_NON_LITERAL_NULL_CONVERSION = YES;
				CLANG_WARN_OBJC_IMPLICIT_RETAIN_SELF = YES;
				CLANG_WARN_OBJC_LITERAL_CONVERSION = YES;
				CLANG_WARN_OBJC_ROOT_CLASS = YES_ERROR;
				CLANG_WARN_RANGE_LOOP_ANALYSIS = YES;
				CLANG_WARN_STRICT_PROTOTYPES = YES;
				CLANG_WARN_SUSPICIOUS_MOVE = YES;
				CLANG_WARN_UNGUARDED_AVAILABILITY = YES_AGGRESSIVE;
				CLANG_WARN_UNREACHABLE_CODE = YES;
				CLANG_WARN__DUPLICATE_METHOD_MATCH = YES;
				CODE_SIGN_ENTITLEMENTS = macOS/Extension/Extension.entitlements;
				CODE_SIGN_IDENTITY = "Mac Developer";
				CODE_SIGN_STYLE = Automatic;
				COPY_PHASE_STRIP = NO;
				CURRENT_PROJECT_VERSION = 20221208231431;
				DEAD_CODE_STRIPPING = YES;
				DEBUG_INFORMATION_FORMAT = dwarf;
				DEVELOPMENT_TEAM = UP6SS5ES7E;
				ENABLE_HARDENED_RUNTIME = YES;
				ENABLE_STRICT_OBJC_MSGSEND = YES;
				ENABLE_TESTABILITY = YES;
				GCC_C_LANGUAGE_STANDARD = c11;
				GCC_DYNAMIC_NO_PIC = NO;
				GCC_NO_COMMON_BLOCKS = YES;
				GCC_OPTIMIZATION_LEVEL = 0;
				GCC_PREPROCESSOR_DEFINITIONS = (
					"DEBUG=1",
					"$(inherited)",
				);
				GCC_WARN_64_TO_32_BIT_CONVERSION = YES;
				GCC_WARN_ABOUT_RETURN_TYPE = YES_ERROR;
				GCC_WARN_UNDECLARED_SELECTOR = YES;
				GCC_WARN_UNINITIALIZED_AUTOS = YES_AGGRESSIVE;
				GCC_WARN_UNUSED_FUNCTION = YES;
				GCC_WARN_UNUSED_VARIABLE = YES;
				INFOPLIST_FILE = macOS/Extension/Info.plist;
				LD_RUNPATH_SEARCH_PATHS = (
					"$(inherited)",
					"@executable_path/../Frameworks",
					"@executable_path/../../../../Frameworks",
				);
				MARKETING_VERSION = 3.0.1;
				MTL_ENABLE_DEBUG_INFO = INCLUDE_SOURCE;
				MTL_FAST_MATH = YES;
				ONLY_ACTIVE_ARCH = YES;
				PRODUCT_BUNDLE_IDENTIFIER = com.braysoftware.SimplyFlange.appex;
				PRODUCT_NAME = SimplyFlangeAU;
				PROVISIONING_PROFILE_SPECIFIER = "";
				SDKROOT = macosx;
				SKIP_INSTALL = YES;
				SWIFT_ACTIVE_COMPILATION_CONDITIONS = DEBUG;
				SWIFT_OPTIMIZATION_LEVEL = "-Onone";
				SWIFT_VERSION = 5.0;
			};
			name = Debug;
		};
/* End XCBuildConfiguration section */

/* Begin XCConfigurationList section */
		BD1D257D25D5AAB000523748 /* Build configuration list for PBXNativeTarget "Snapshots" */ = {
			isa = XCConfigurationList;
			buildConfigurations = (
				BD1D257E25D5AAB000523748 /* Debug */,
				BD1D257F25D5AAB000523748 /* Release */,
			);
			defaultConfigurationIsVisible = 0;
			defaultConfigurationName = Debug;
		};
		C437FE332223672C008D6C09 /* Build configuration list for PBXProject "SimplyFlange" */ = {
			isa = XCConfigurationList;
			buildConfigurations = (
				C437FE342223672C008D6C09 /* Debug */,
				BDE2CE0724A3E694004AC8FA /* Release */,
			);
			defaultConfigurationIsVisible = 0;
			defaultConfigurationName = Debug;
		};
		C437FE4A222367A8008D6C09 /* Build configuration list for PBXNativeTarget "iOS App" */ = {
			isa = XCConfigurationList;
			buildConfigurations = (
				C437FE4B222367A8008D6C09 /* Debug */,
				BDE2CE0824A3E694004AC8FA /* Release */,
			);
			defaultConfigurationIsVisible = 0;
			defaultConfigurationName = Debug;
		};
		C437FE722223686D008D6C09 /* Build configuration list for PBXNativeTarget "iOS Extension" */ = {
			isa = XCConfigurationList;
			buildConfigurations = (
				C437FE732223686D008D6C09 /* Debug */,
				BDE2CE0924A3E694004AC8FA /* Release */,
			);
			defaultConfigurationIsVisible = 0;
			defaultConfigurationName = Debug;
		};
		C437FE872223688E008D6C09 /* Build configuration list for PBXNativeTarget "SimplyFlange" */ = {
			isa = XCConfigurationList;
			buildConfigurations = (
				C437FE882223688E008D6C09 /* Debug */,
				BDE2CE0B24A3E694004AC8FA /* Release */,
			);
			defaultConfigurationIsVisible = 0;
			defaultConfigurationName = Debug;
		};
		C437FEB0222368B7008D6C09 /* Build configuration list for PBXNativeTarget "macOS Extension" */ = {
			isa = XCConfigurationList;
			buildConfigurations = (
				C437FEB1222368B7008D6C09 /* Debug */,
				BDE2CE0C24A3E694004AC8FA /* Release */,
			);
			defaultConfigurationIsVisible = 0;
			defaultConfigurationName = Debug;
		};
/* End XCConfigurationList section */

/* Begin XCRemoteSwiftPackageReference section */
		BD9BFB9127A6EC450081337C /* XCRemoteSwiftPackageReference "knob" */ = {
			isa = XCRemoteSwiftPackageReference;
			repositoryURL = "https://github.com/bradhowes/knob";
			requirement = {
				branch = main;
				kind = branch;
			};
		};
/* End XCRemoteSwiftPackageReference section */

/* Begin XCSwiftPackageProductDependency section */
		BD0E6F6627AEB42100B8CF3E /* Knob-iOS */ = {
			isa = XCSwiftPackageProductDependency;
			package = BD9BFB9127A6EC450081337C /* XCRemoteSwiftPackageReference "knob" */;
			productName = "Knob-iOS";
		};
		BD0E6F6A27AEC2B000B8CF3E /* ParameterAddress */ = {
			isa = XCSwiftPackageProductDependency;
			productName = ParameterAddress;
		};
		BD0E6F6C27AECCDF00B8CF3E /* KernelBridge */ = {
			isa = XCSwiftPackageProductDependency;
			productName = KernelBridge;
		};
		BD0E6F6E27AECD4500B8CF3E /* KernelBridge */ = {
			isa = XCSwiftPackageProductDependency;
			productName = KernelBridge;
		};
		BD0E6F7027AECD4500B8CF3E /* ParameterAddress */ = {
			isa = XCSwiftPackageProductDependency;
			productName = ParameterAddress;
		};
		BD0E6F7427AECD5500B8CF3E /* Knob-macOS */ = {
			isa = XCSwiftPackageProductDependency;
			package = BD9BFB9127A6EC450081337C /* XCRemoteSwiftPackageReference "knob" */;
			productName = "Knob-macOS";
		};
		BD38A30127A5C80900405CBC /* Kernel */ = {
			isa = XCSwiftPackageProductDependency;
			productName = Kernel;
		};
		BD38A30527A5C80900405CBC /* Parameters */ = {
			isa = XCSwiftPackageProductDependency;
			productName = Parameters;
		};
		BD96F30327A57C160001C2B9 /* Kernel */ = {
			isa = XCSwiftPackageProductDependency;
			productName = Kernel;
		};
		BD96F30727A57C160001C2B9 /* Parameters */ = {
			isa = XCSwiftPackageProductDependency;
			productName = Parameters;
		};
		BDF38C3E29589E1600D1AEDE /* AUv3-Support-macOS */ = {
			isa = XCSwiftPackageProductDependency;
			productName = "AUv3-Support-macOS";
		};
/* End XCSwiftPackageProductDependency section */
	};
	rootObject = C437FE302223672C008D6C09 /* Project object */;
}
